
Microsoft Visual Studio Solution File, Format Version 12.00
# Visual Studio Version 16
VisualStudioVersion = 16.0.31515.178
MinimumVisualStudioVersion = 10.0.40219.1
Project("{9A19103F-16F7-4668-BE54-9A1E7A4F7556}") = "Exercise", "Exercise\Exercise.csproj", "{2933913B-78B5-4340-8FDB-1AF6D2E1284E}"
EndProject
Project("{9A19103F-16F7-4668-BE54-9A1E7A4F7556}") = "Tests", "Tests\Tests.csproj", "{F0A4A18B-17F8-4ED8-97E4-DC9B8DCD8F65}"
EndProject
Global
	GlobalSection(SolutionConfigurationPlatforms) = preSolution
		Debug|Any CPU = Debug|Any CPU
		Release|Any CPU = Release|Any CPU
	EndGlobalSection
	GlobalSection(ProjectConfigurationPlatforms) = postSolution
		{2933913B-78B5-4340-8FDB-1AF6D2E1284E}.Debug|Any CPU.ActiveCfg = Debug|Any CPU
		{2933913B-78B5-4340-8FDB-1AF6D2E1284E}.Debug|Any CPU.Build.0 = Debug|Any CPU
		{2933913B-78B5-4340-8FDB-1AF6D2E1284E}.Release|Any CPU.ActiveCfg = Release|Any CPU
		{2933913B-78B5-4340-8FDB-1AF6D2E1284E}.Release|Any CPU.Build.0 = Release|Any CPU
		{F0A4A18B-17F8-4ED8-97E4-DC9B8DCD8F65}.Debug|Any CPU.ActiveCfg = Debug|Any CPU
		{F0A4A18B-17F8-4ED8-97E4-DC9B8DCD8F65}.Debug|Any CPU.Build.0 = Debug|Any CPU
		{F0A4A18B-17F8-4ED8-97E4-DC9B8DCD8F65}.Release|Any CPU.ActiveCfg = Release|Any CPU
		{F0A4A18B-17F8-4ED8-97E4-DC9B8DCD8F65}.Release|Any CPU.Build.0 = Release|Any CPU
	EndGlobalSection
	GlobalSection(SolutionProperties) = preSolution
		HideSolutionNode = FALSE
	EndGlobalSection
	GlobalSection(ExtensibilityGlobals) = postSolution
		SolutionGuid = {AFF1A18C-B847-415F-9D6E-D69D7237B1E7}
	EndGlobalSection
EndGlobal
